
Microsoft Visual Studio Solution File, Format Version 12.00
# Visual Studio 15
VisualStudioVersion = 15.0.27703.2047
MinimumVisualStudioVersion = 10.0.40219.1
Project("{FAE04EC0-301F-11D3-BF4B-00C04F79EFBC}") = "NormTimer", "NormTimer\NormTimer.csproj", "{CAFCB06F-2B23-4BDC-9958-13517369ECDF}"
EndProject
Global
	GlobalSection(SolutionConfigurationPlatforms) = preSolution
		Debug|Any CPU = Debug|Any CPU
		Release|Any CPU = Release|Any CPU
	EndGlobalSection
	GlobalSection(ProjectConfigurationPlatforms) = postSolution
		{CAFCB06F-2B23-4BDC-9958-13517369ECDF}.Debug|Any CPU.ActiveCfg = Debug|Any CPU
		{CAFCB06F-2B23-4BDC-9958-13517369ECDF}.Debug|Any CPU.Build.0 = Debug|Any CPU
		{CAFCB06F-2B23-4BDC-9958-13517369ECDF}.Release|Any CPU.ActiveCfg = Release|Any CPU
		{CAFCB06F-2B23-4BDC-9958-13517369ECDF}.Release|Any CPU.Build.0 = Release|Any CPU
	EndGlobalSection
	GlobalSection(SolutionProperties) = preSolution
		HideSolutionNode = FALSE
	EndGlobalSection
	GlobalSection(ExtensibilityGlobals) = postSolution
		SolutionGuid = {1C972002-F689-4C59-AB22-35477CFB9E64}
	EndGlobalSection
EndGlobal
